// !$*UTF8*$!
{
	archiveVersion = 1;
	classes = {
	};
	objectVersion = 46;
	objects = {

/* Begin PBXBuildFile section */
		4CABF6251D0E8AA500503A29 /* WZToolbar.m in Sources */ = {isa = PBXBuildFile; fileRef = 4CABF6241D0E8AA500503A29 /* WZToolbar.m */; };
		4CABF6271D0E8AC700503A29 /* WZToolbar.xib in Resources */ = {isa = PBXBuildFile; fileRef = 4CABF6261D0E8AC700503A29 /* WZToolbar.xib */; };
		4CED9A251D0E5499009B23E0 /* main.m in Sources */ = {isa = PBXBuildFile; fileRef = 4CED9A241D0E5499009B23E0 /* main.m */; };
		4CED9A281D0E5499009B23E0 /* AppDelegate.m in Sources */ = {isa = PBXBuildFile; fileRef = 4CED9A271D0E5499009B23E0 /* AppDelegate.m */; };
		4CED9A301D0E5499009B23E0 /* Assets.xcassets in Resources */ = {isa = PBXBuildFile; fileRef = 4CED9A2F1D0E5499009B23E0 /* Assets.xcassets */; };
		4CED9A3D1D0E5583009B23E0 /* WZKeyboardViewController.m in Sources */ = {isa = PBXBuildFile; fileRef = 4CED9A3B1D0E5583009B23E0 /* WZKeyboardViewController.m */; };
		4CED9A3E1D0E5583009B23E0 /* WZKeyboardViewController.xib in Resources */ = {isa = PBXBuildFile; fileRef = 4CED9A3C1D0E5583009B23E0 /* WZKeyboardViewController.xib */; };
/* End PBXBuildFile section */

/* Begin PBXFileReference section */
		4CABF6221D0E5B8F00503A29 /* 笔记.h */ = {isa = PBXFileReference; lastKnownFileType = sourcecode.c.h; path = "笔记.h"; sourceTree = "<group>"; };
		4CABF6231D0E8AA500503A29 /* WZToolbar.h */ = {isa = PBXFileReference; fileEncoding = 4; lastKnownFileType = sourcecode.c.h; path = WZToolbar.h; sourceTree = "<group>"; };
		4CABF6241D0E8AA500503A29 /* WZToolbar.m */ = {isa = PBXFileReference; fileEncoding = 4; lastKnownFileType = sourcecode.c.objc; path = WZToolbar.m; sourceTree = "<group>"; };
		4CABF6261D0E8AC700503A29 /* WZToolbar.xib */ = {isa = PBXFileReference; fileEncoding = 4; lastKnownFileType = file.xib; path = WZToolbar.xib; sourceTree = "<group>"; };
		4CED9A201D0E5499009B23E0 /* 键盘处理.app */ = {isa = PBXFileReference; explicitFileType = wrapper.application; includeInIndex = 0; path = "键盘处理.app"; sourceTree = BUILT_PRODUCTS_DIR; };
		4CED9A241D0E5499009B23E0 /* main.m */ = {isa = PBXFileReference; lastKnownFileType = sourcecode.c.objc; path = main.m; sourceTree = "<group>"; };
		4CED9A261D0E5499009B23E0 /* AppDelegate.h */ = {isa = PBXFileReference; lastKnownFileType = sourcecode.c.h; path = AppDelegate.h; sourceTree = "<group>"; };
		4CED9A271D0E5499009B23E0 /* AppDelegate.m */ = {isa = PBXFileReference; lastKnownFileType = sourcecode.c.objc; path = AppDelegate.m; sourceTree = "<group>"; };
		4CED9A2F1D0E5499009B23E0 /* Assets.xcassets */ = {isa = PBXFileReference; lastKnownFileType = folder.assetcatalog; path = Assets.xcassets; sourceTree = "<group>"; };
		4CED9A341D0E5499009B23E0 /* Info.plist */ = {isa = PBXFileReference; lastKnownFileType = text.plist.xml; path = Info.plist; sourceTree = "<group>"; };
		4CED9A3A1D0E5583009B23E0 /* WZKeyboardViewController.h */ = {isa = PBXFileReference; fileEncoding = 4; lastKnownFileType = sourcecode.c.h; path = WZKeyboardViewController.h; sourceTree = "<group>"; };
		4CED9A3B1D0E5583009B23E0 /* WZKeyboardViewController.m */ = {isa = PBXFileReference; fileEncoding = 4; lastKnownFileType = sourcecode.c.objc; path = WZKeyboardViewController.m; sourceTree = "<group>"; };
		4CED9A3C1D0E5583009B23E0 /* WZKeyboardViewController.xib */ = {isa = PBXFileReference; fileEncoding = 4; lastKnownFileType = file.xib; path = WZKeyboardViewController.xib; sourceTree = "<group>"; };
/* End PBXFileReference section */

/* Begin PBXFrameworksBuildPhase section */
		4CED9A1D1D0E5499009B23E0 /* Frameworks */ = {
			isa = PBXFrameworksBuildPhase;
			buildActionMask = 2147483647;
			files = (
			);
			runOnlyForDeploymentPostprocessing = 0;
		};
/* End PBXFrameworksBuildPhase section */

/* Begin PBXGroup section */
		4CED9A171D0E5499009B23E0 = {
			isa = PBXGroup;
			children = (
				4CED9A221D0E5499009B23E0 /* 键盘处理 */,
				4CED9A211D0E5499009B23E0 /* Products */,
			);
			sourceTree = "<group>";
		};
		4CED9A211D0E5499009B23E0 /* Products */ = {
			isa = PBXGroup;
			children = (
				4CED9A201D0E5499009B23E0 /* 键盘处理.app */,
			);
			name = Products;
			sourceTree = "<group>";
		};
		4CED9A221D0E5499009B23E0 /* 键盘处理 */ = {
			isa = PBXGroup;
			children = (
				4CED9A261D0E5499009B23E0 /* AppDelegate.h */,
				4CED9A271D0E5499009B23E0 /* AppDelegate.m */,
				4CED9A3A1D0E5583009B23E0 /* WZKeyboardViewController.h */,
				4CED9A3B1D0E5583009B23E0 /* WZKeyboardViewController.m */,
				4CED9A3C1D0E5583009B23E0 /* WZKeyboardViewController.xib */,
				4CABF6231D0E8AA500503A29 /* WZToolbar.h */,
				4CABF6241D0E8AA500503A29 /* WZToolbar.m */,
				4CABF6261D0E8AC700503A29 /* WZToolbar.xib */,
				4CABF6221D0E5B8F00503A29 /* 笔记.h */,
				4CED9A2F1D0E5499009B23E0 /* Assets.xcassets */,
				4CED9A341D0E5499009B23E0 /* Info.plist */,
				4CED9A231D0E5499009B23E0 /* Supporting Files */,
			);
			path = "键盘处理";
			sourceTree = "<group>";
		};
		4CED9A231D0E5499009B23E0 /* Supporting Files */ = {
			isa = PBXGroup;
			children = (
				4CED9A241D0E5499009B23E0 /* main.m */,
			);
			name = "Supporting Files";
			sourceTree = "<group>";
		};
/* End PBXGroup section */

/* Begin PBXNativeTarget section */
		4CED9A1F1D0E5499009B23E0 /* 键盘处理 */ = {
			isa = PBXNativeTarget;
			buildConfigurationList = 4CED9A371D0E5499009B23E0 /* Build configuration list for PBXNativeTarget "键盘处理" */;
			buildPhases = (
				4CED9A1C1D0E5499009B23E0 /* Sources */,
				4CED9A1D1D0E5499009B23E0 /* Frameworks */,
				4CED9A1E1D0E5499009B23E0 /* Resources */,
			);
			buildRules = (
			);
			dependencies = (
			);
			name = "键盘处理";
			productName = "键盘处理";
			productReference = 4CED9A201D0E5499009B23E0 /* 键盘处理.app */;
			productType = "com.apple.product-type.application";
		};
/* End PBXNativeTarget section */

/* Begin PBXProject section */
		4CED9A181D0E5499009B23E0 /* Project object */ = {
			isa = PBXProject;
			attributes = {
				CLASSPREFIX = WZ;
				LastUpgradeCheck = 0730;
				ORGANIZATIONNAME = songbiwen;
				TargetAttributes = {
					4CED9A1F1D0E5499009B23E0 = {
						CreatedOnToolsVersion = 7.3;
					};
				};
			};
			buildConfigurationList = 4CED9A1B1D0E5499009B23E0 /* Build configuration list for PBXProject "键盘处理" */;
			compatibilityVersion = "Xcode 3.2";
			developmentRegion = English;
			hasScannedForEncodings = 0;
			knownRegions = (
				en,
				Base,
			);
			mainGroup = 4CED9A171D0E5499009B23E0;
			productRefGroup = 4CED9A211D0E5499009B23E0 /* Products */;
			projectDirPath = "";
			projectRoot = "";
			targets = (
				4CED9A1F1D0E5499009B23E0 /* 键盘处理 */,
			);
		};
/* End PBXProject section */

/* Begin PBXResourcesBuildPhase section */
		4CED9A1E1D0E5499009B23E0 /* Resources */ = {
			isa = PBXResourcesBuildPhase;
			buildActionMask = 2147483647;
			files = (
				4CED9A3E1D0E5583009B23E0 /* WZKeyboardViewController.xib in Resources */,
				4CABF6271D0E8AC700503A29 /* WZToolbar.xib in Resources */,
				4CED9A301D0E5499009B23E0 /* Assets.xcassets in Resources */,
			);
			runOnlyForDeploymentPostprocessing = 0;
		};
/* End PBXResourcesBuildPhase section */

/* Begin PBXSourcesBuildPhase section */
		4CED9A1C1D0E5499009B23E0 /* Sources */ = {
			isa = PBXSourcesBuildPhase;
			buildActionMask = 2147483647;
			files = (
				4CED9A3D1D0E5583009B23E0 /* WZKeyboardViewController.m in Sources */,
				4CED9A281D0E5499009B23E0 /* AppDelegate.m in Sources */,
				4CABF6251D0E8AA500503A29 /* WZToolbar.m in Sources */,
				4CED9A251D0E5499009B23E0 /* main.m in Sources */,
			);
			runOnlyForDeploymentPostprocessing = 0;
		};
/* End PBXSourcesBuildPhase section */

/* Begin XCBuildConfiguration section */
		4CED9A351D0E5499009B23E0 /* Debug */ = {
			isa = XCBuildConfiguration;
			buildSettings = {
				ALWAYS_SEARCH_USER_PATHS = NO;
				CLANG_ANALYZER_NONNULL = YES;
				CLANG_CXX_LANGUAGE_STANDARD = "gnu++0x";
				CLANG_CXX_LIBRARY = "libc++";
				CLANG_ENABLE_MODULES = YES;
				CLANG_ENABLE_OBJC_ARC = YES;
				CLANG_WARN_BOOL_CONVERSION = YES;
				CLANG_WARN_CONSTANT_CONVERSION = YES;
				CLANG_WARN_DIRECT_OBJC_ISA_USAGE = YES_ERROR;
				CLANG_WARN_EMPTY_BODY = YES;
				CLANG_WARN_ENUM_CONVERSION = YES;
				CLANG_WARN_INT_CONVERSION = YES;
				CLANG_WARN_OBJC_ROOT_CLASS = YES_ERROR;
				CLANG_WARN_UNREACHABLE_CODE = YES;
				CLANG_WARN__DUPLICATE_METHOD_MATCH = YES;
				"CODE_SIGN_IDENTITY[sdk=iphoneos*]" = "iPhone Developer";
				COPY_PHASE_STRIP = NO;
				DEBUG_INFORMATION_FORMAT = dwarf;
				ENABLE_STRICT_OBJC_MSGSEND = YES;
				ENABLE_TESTABILITY = YES;
				GCC_C_LANGUAGE_STANDARD = gnu99;
				GCC_DYNAMIC_NO_PIC = NO;
				GCC_NO_COMMON_BLOCKS = YES;
				GCC_OPTIMIZATION_LEVEL = 0;
				GCC_PREPROCESSOR_DEFINITIONS = (
					"DEBUG=1",
					"$(inherited)",
				);
				GCC_WARN_64_TO_32_BIT_CONVERSION = YES;
				GCC_WARN_ABOUT_RETURN_TYPE = YES_ERROR;
				GCC_WARN_UNDECLARED_SELECTOR = YES;
				GCC_WARN_UNINITIALIZED_AUTOS = YES_AGGRESSIVE;
				GCC_WARN_UNUSED_FUNCTION = YES;
				GCC_WARN_UNUSED_VARIABLE = YES;
				IPHONEOS_DEPLOYMENT_TARGET = 9.3;
				MTL_ENABLE_DEBUG_INFO = YES;
				ONLY_ACTIVE_ARCH = YES;
				SDKROOT = iphoneos;
			};
			name = Debug;
		};
		4CED9A361D0E5499009B23E0 /* Release */ = {
			isa = XCBuildConfiguration;
			buildSettings = {
				ALWAYS_SEARCH_USER_PATHS = NO;
				CLANG_ANALYZER_NONNULL = YES;
				CLANG_CXX_LANGUAGE_STANDARD = "gnu++0x";
				CLANG_CXX_LIBRARY = "libc++";
				CLANG_ENABLE_MODULES = YES;
				CLANG_ENABLE_OBJC_ARC = YES;
				CLANG_WARN_BOOL_CONVERSION = YES;
				CLANG_WARN_CONSTANT_CONVERSION = YES;
				CLANG_WARN_DIRECT_OBJC_ISA_USAGE = YES_ERROR;
				CLANG_WARN_EMPTY_BODY = YES;
				CLANG_WARN_ENUM_CONVERSION = YES;
				CLANG_WARN_INT_CONVERSION = YES;
				CLANG_WARN_OBJC_ROOT_CLASS = YES_ERROR;
				CLANG_WARN_UNREACHABLE_CODE = YES;
				CLANG_WARN__DUPLICATE_METHOD_MATCH = YES;
				"CODE_SIGN_IDENTITY[sdk=iphoneos*]" = "iPhone Developer";
				COPY_PHASE_STRIP = NO;
				DEBUG_INFORMATION_FORMAT = "dwarf-with-dsym";
				ENABLE_NS_ASSERTIONS = NO;
				ENABLE_STRICT_OBJC_MSGSEND = YES;
				GCC_C_LANGUAGE_STANDARD = gnu99;
				GCC_NO_COMMON_BLOCKS = YES;
				GCC_WARN_64_TO_32_BIT_CONVERSION = YES;
				GCC_WARN_ABOUT_RETURN_TYPE = YES_ERROR;
				GCC_WARN_UNDECLARED_SELECTOR = YES;
				GCC_WARN_UNINITIALIZED_AUTOS = YES_AGGRESSIVE;
				GCC_WARN_UNUSED_FUNCTION = YES;
				GCC_WARN_UNUSED_VARIABLE = YES;
				IPHONEOS_DEPLOYMENT_TARGET = 9.3;
				MTL_ENABLE_DEBUG_INFO = NO;
				SDKROOT = iphoneos;
				VALIDATE_PRODUCT = YES;
			};
			name = Release;
		};
		4CED9A381D0E5499009B23E0 /* Debug */ = {
			isa = XCBuildConfiguration;
			buildSettings = {
				ASSETCATALOG_COMPILER_APPICON_NAME = AppIcon;
				ASSETCATALOG_COMPILER_LAUNCHIMAGE_NAME = LaunchImage;
				INFOPLIST_FILE = "键盘处理/Info.plist";
				LD_RUNPATH_SEARCH_PATHS = "$(inherited) @executable_path/Frameworks";
				PRODUCT_BUNDLE_IDENTIFIER = "com.renhedao.----";
				PRODUCT_NAME = "$(TARGET_NAME)";
			};
			name = Debug;
		};
		4CED9A391D0E5499009B23E0 /* Release */ = {
			isa = XCBuildConfiguration;
			buildSettings = {
				ASSETCATALOG_COMPILER_APPICON_NAME = AppIcon;
				ASSETCATALOG_COMPILER_LAUNCHIMAGE_NAME = LaunchImage;
				INFOPLIST_FILE = "键盘处理/Info.plist";
				LD_RUNPATH_SEARCH_PATHS = "$(inherited) @executable_path/Frameworks";
				PRODUCT_BUNDLE_IDENTIFIER = "com.renhedao.----";
				PRODUCT_NAME = "$(TARGET_NAME)";
			};
			name = Release;
		};
/* End XCBuildConfiguration section */

/* Begin XCConfigurationList section */
		4CED9A1B1D0E5499009B23E0 /* Build configuration list for PBXProject "键盘处理" */ = {
			isa = XCConfigurationList;
			buildConfigurations = (
				4CED9A351D0E5499009B23E0 /* Debug */,
				4CED9A361D0E5499009B23E0 /* Release */,
			);
			defaultConfigurationIsVisible = 0;
			defaultConfigurationName = Release;
		};
		4CED9A371D0E5499009B23E0 /* Build configuration list for PBXNativeTarget "键盘处理" */ = {
			isa = XCConfigurationList;
			buildConfigurations = (
				4CED9A381D0E5499009B23E0 /* Debug */,
				4CED9A391D0E5499009B23E0 /* Release */,
			);
			defaultConfigurationIsVisible = 0;
			defaultConfigurationName = Release;
		};
/* End XCConfigurationList section */
	};
	rootObject = 4CED9A181D0E5499009B23E0 /* Project object */;
}
